
Microsoft Visual Studio Solution File, Format Version 12.00
# Visual Studio Version 16
VisualStudioVersion = 16.0.30907.101
MinimumVisualStudioVersion = 10.0.40219.1
Project("{FAE04EC0-301F-11D3-BF4B-00C04F79EFBC}") = "1tablamultiplicar", "1tablamultiplicar\1tablamultiplicar.csproj", "{3C76A3F2-AFCE-4C0B-9EAC-952298C2BD02}"
EndProject
Global
	GlobalSection(SolutionConfigurationPlatforms) = preSolution
		Debug|Any CPU = Debug|Any CPU
		Release|Any CPU = Release|Any CPU
	EndGlobalSection
	GlobalSection(ProjectConfigurationPlatforms) = postSolution
		{3C76A3F2-AFCE-4C0B-9EAC-952298C2BD02}.Debug|Any CPU.ActiveCfg = Debug|Any CPU
		{3C76A3F2-AFCE-4C0B-9EAC-952298C2BD02}.Debug|Any CPU.Build.0 = Debug|Any CPU
		{3C76A3F2-AFCE-4C0B-9EAC-952298C2BD02}.Release|Any CPU.ActiveCfg = Release|Any CPU
		{3C76A3F2-AFCE-4C0B-9EAC-952298C2BD02}.Release|Any CPU.Build.0 = Release|Any CPU
	EndGlobalSection
	GlobalSection(SolutionProperties) = preSolution
		HideSolutionNode = FALSE
	EndGlobalSection
	GlobalSection(ExtensibilityGlobals) = postSolution
		SolutionGuid = {7D3BF3C2-435A-4B4F-958F-03B431456D0B}
	EndGlobalSection
EndGlobal
