
Microsoft Visual Studio Solution File, Format Version 12.00
# Visual Studio Version 16
VisualStudioVersion = 16.0.31019.35
MinimumVisualStudioVersion = 10.0.40219.1
Project("{FAE04EC0-301F-11D3-BF4B-00C04F79EFBC}") = "clase 7 poo inicio", "clase 7 poo inicio\clase 7 poo inicio.csproj", "{47962555-3BE4-44AC-9AC9-58A8E80F9558}"
EndProject
Global
	GlobalSection(SolutionConfigurationPlatforms) = preSolution
		Debug|Any CPU = Debug|Any CPU
		Release|Any CPU = Release|Any CPU
	EndGlobalSection
	GlobalSection(ProjectConfigurationPlatforms) = postSolution
		{47962555-3BE4-44AC-9AC9-58A8E80F9558}.Debug|Any CPU.ActiveCfg = Debug|Any CPU
		{47962555-3BE4-44AC-9AC9-58A8E80F9558}.Debug|Any CPU.Build.0 = Debug|Any CPU
		{47962555-3BE4-44AC-9AC9-58A8E80F9558}.Release|Any CPU.ActiveCfg = Release|Any CPU
		{47962555-3BE4-44AC-9AC9-58A8E80F9558}.Release|Any CPU.Build.0 = Release|Any CPU
	EndGlobalSection
	GlobalSection(SolutionProperties) = preSolution
		HideSolutionNode = FALSE
	EndGlobalSection
	GlobalSection(ExtensibilityGlobals) = postSolution
		SolutionGuid = {F9BC6C78-D204-42A2-B8BB-25A5DB55EF18}
	EndGlobalSection
EndGlobal
