
Microsoft Visual Studio Solution File, Format Version 12.00
# Visual Studio Version 16
VisualStudioVersion = 16.0.31019.35
MinimumVisualStudioVersion = 10.0.40219.1
Project("{FAE04EC0-301F-11D3-BF4B-00C04F79EFBC}") = "ejemplo3 clase 6 poo", "ejemplo3 clase 6 poo\ejemplo3 clase 6 poo.csproj", "{EE6C60DC-8761-4C73-BD2C-96364BCC6669}"
EndProject
Global
	GlobalSection(SolutionConfigurationPlatforms) = preSolution
		Debug|Any CPU = Debug|Any CPU
		Release|Any CPU = Release|Any CPU
	EndGlobalSection
	GlobalSection(ProjectConfigurationPlatforms) = postSolution
		{EE6C60DC-8761-4C73-BD2C-96364BCC6669}.Debug|Any CPU.ActiveCfg = Debug|Any CPU
		{EE6C60DC-8761-4C73-BD2C-96364BCC6669}.Debug|Any CPU.Build.0 = Debug|Any CPU
		{EE6C60DC-8761-4C73-BD2C-96364BCC6669}.Release|Any CPU.ActiveCfg = Release|Any CPU
		{EE6C60DC-8761-4C73-BD2C-96364BCC6669}.Release|Any CPU.Build.0 = Release|Any CPU
	EndGlobalSection
	GlobalSection(SolutionProperties) = preSolution
		HideSolutionNode = FALSE
	EndGlobalSection
	GlobalSection(ExtensibilityGlobals) = postSolution
		SolutionGuid = {971B45C3-2AF2-466C-9BD2-4808AECED8D4}
	EndGlobalSection
EndGlobal
