
Microsoft Visual Studio Solution File, Format Version 12.00
# Visual Studio Version 16
VisualStudioVersion = 16.0.31205.134
MinimumVisualStudioVersion = 10.0.40219.1
Project("{FAE04EC0-301F-11D3-BF4B-00C04F79EFBC}") = "basededatosbueno", "basededatosbueno\basededatosbueno.csproj", "{0C7A6C8D-9E8A-4C5C-B755-A0A249819E81}"
EndProject
Global
	GlobalSection(SolutionConfigurationPlatforms) = preSolution
		Debug|Any CPU = Debug|Any CPU
		Release|Any CPU = Release|Any CPU
	EndGlobalSection
	GlobalSection(ProjectConfigurationPlatforms) = postSolution
		{0C7A6C8D-9E8A-4C5C-B755-A0A249819E81}.Debug|Any CPU.ActiveCfg = Debug|Any CPU
		{0C7A6C8D-9E8A-4C5C-B755-A0A249819E81}.Debug|Any CPU.Build.0 = Debug|Any CPU
		{0C7A6C8D-9E8A-4C5C-B755-A0A249819E81}.Release|Any CPU.ActiveCfg = Release|Any CPU
		{0C7A6C8D-9E8A-4C5C-B755-A0A249819E81}.Release|Any CPU.Build.0 = Release|Any CPU
	EndGlobalSection
	GlobalSection(SolutionProperties) = preSolution
		HideSolutionNode = FALSE
	EndGlobalSection
	GlobalSection(ExtensibilityGlobals) = postSolution
		SolutionGuid = {F4E49574-45F1-4E4B-B094-8865C2957279}
	EndGlobalSection
EndGlobal
