
Microsoft Visual Studio Solution File, Format Version 12.00
# Visual Studio Version 16
VisualStudioVersion = 16.0.30907.101
MinimumVisualStudioVersion = 10.0.40219.1
Project("{FAE04EC0-301F-11D3-BF4B-00C04F79EFBC}") = "2numelevado", "2numelevado\2numelevado.csproj", "{72F9458F-F912-4984-96B0-395AC9F82063}"
EndProject
Global
	GlobalSection(SolutionConfigurationPlatforms) = preSolution
		Debug|Any CPU = Debug|Any CPU
		Release|Any CPU = Release|Any CPU
	EndGlobalSection
	GlobalSection(ProjectConfigurationPlatforms) = postSolution
		{72F9458F-F912-4984-96B0-395AC9F82063}.Debug|Any CPU.ActiveCfg = Debug|Any CPU
		{72F9458F-F912-4984-96B0-395AC9F82063}.Debug|Any CPU.Build.0 = Debug|Any CPU
		{72F9458F-F912-4984-96B0-395AC9F82063}.Release|Any CPU.ActiveCfg = Release|Any CPU
		{72F9458F-F912-4984-96B0-395AC9F82063}.Release|Any CPU.Build.0 = Release|Any CPU
	EndGlobalSection
	GlobalSection(SolutionProperties) = preSolution
		HideSolutionNode = FALSE
	EndGlobalSection
	GlobalSection(ExtensibilityGlobals) = postSolution
		SolutionGuid = {7B5422C6-0697-40A8-A51B-90975A843293}
	EndGlobalSection
EndGlobal
